dependencies:
- name: regcred
  repository: https://colearendt.github.io/helm
  version: 0.1.0
- name: mongodb
  repository: https://groundhog2k.github.io/helm-charts/
  version: 0.6.0
- name: mongo-express
  repository: https://cowboysysop.github.io/charts/
  version: 6.0.0
- name: dex
  repository: https://charts.dexidp.io
  version: 0.15.3
- name: huna-ui
  repository: oci://ghcr.io/mars-office
  version: 0.0.44
- name: huna-gpt
  repository: oci://ghcr.io/mars-office
  version: 0.0.31
digest: sha256:9aa7aa77bc8b20bd82e8f52c7dfc8838fd51c0a58f422b5b364d2d249d24b930
generated: "2023-10-27T21:57:08.155528972Z"
