dependencies:
- name: regcred
  repository: https://colearendt.github.io/helm
  version: 0.1.0
- name: mongodb
  repository: https://groundhog2k.github.io/helm-charts/
  version: 0.6.0
- name: mongo-express
  repository: https://cowboysysop.github.io/charts/
  version: 6.0.0
- name: dex
  repository: https://charts.dexidp.io
  version: 0.15.3
- name: huna-ui
  repository: oci://ghcr.io/mars-office
  version: 0.0.94
- name: huna-gpt
  repository: oci://ghcr.io/mars-office
  version: 0.0.55
digest: sha256:f33f70510d150157819906dd0943b3b48baa05fb4d10f0f2f11729e943b8385d
generated: "2023-11-26T10:39:58.329670838Z"
