dependencies:
- name: regcred
  repository: https://colearendt.github.io/helm
  version: 0.1.0
- name: mongodb
  repository: https://groundhog2k.github.io/helm-charts/
  version: 0.6.3
- name: dex
  repository: https://charts.dexidp.io
  version: 0.16.0
- name: emqx
  repository: https://repos.emqx.io/charts
  version: 5.5.0
- name: huna-ui
  repository: oci://ghcr.io/mars-office
  version: 0.0.209
- name: huna-parkinglots
  repository: oci://ghcr.io/mars-office
  version: 0.0.106
- name: huna-users
  repository: oci://ghcr.io/mars-office
  version: 0.0.32
- name: huna-iot
  repository: oci://ghcr.io/mars-office
  version: 0.3.6
- name: huna-detection
  repository: oci://ghcr.io/mars-office
  version: 0.0.32
- name: huna-ota
  repository: oci://ghcr.io/mars-office
  version: 0.0.35
digest: sha256:76ef8b70bf265624a743c2e3f16f7cd0bb06c5efc0413d431d3cab5f3ca578df
generated: "2024-02-06T13:40:05.179489645Z"
